
Microsoft Visual Studio Solution File, Format Version 12.00
# Visual Studio Version 17
VisualStudioVersion = 17.13.35931.197 d17.13
MinimumVisualStudioVersion = 10.0.40219.1
Project("{FAE04EC0-301F-11D3-BF4B-00C04F79EFBC}") = "PorjetoAPss", "PorjetoAPss.csproj", "{C8664870-3F5D-4EE5-A1B8-CE7CEACD6B56}"
EndProject
Global
	GlobalSection(SolutionConfigurationPlatforms) = preSolution
		Debug|Any CPU = Debug|Any CPU
		Release|Any CPU = Release|Any CPU
	EndGlobalSection
	GlobalSection(ProjectConfigurationPlatforms) = postSolution
		{C8664870-3F5D-4EE5-A1B8-CE7CEACD6B56}.Debug|Any CPU.ActiveCfg = Debug|Any CPU
		{C8664870-3F5D-4EE5-A1B8-CE7CEACD6B56}.Debug|Any CPU.Build.0 = Debug|Any CPU
		{C8664870-3F5D-4EE5-A1B8-CE7CEACD6B56}.Release|Any CPU.ActiveCfg = Release|Any CPU
		{C8664870-3F5D-4EE5-A1B8-CE7CEACD6B56}.Release|Any CPU.Build.0 = Release|Any CPU
	EndGlobalSection
	GlobalSection(SolutionProperties) = preSolution
		HideSolutionNode = FALSE
	EndGlobalSection
	GlobalSection(ExtensibilityGlobals) = postSolution
		SolutionGuid = {E6CE21D2-160D-42F7-A857-F59AC4CA4CC1}
	EndGlobalSection
EndGlobal
